<?xml version="1.0" encoding="utf-8"?>
<Project ToolsVersion="4.0" xmlns="http://schemas.microsoft.com/developer/msbuild/2003">
  <ItemGroup>
    <ClCompile Include="..\ork.core\src\kernel\tempstring.cpp">
      <Filter>src\kernel</Filter>
    </ClCompile>
    <ClCompile Include="..\ork.core\src\kernel\slashnode.cpp">
      <Filter>src\kernel</Filter>
    </ClCompile>
    <ClCompile Include="..\ork.core\src\kernel\proptype.cpp">
      <Filter>src\kernel</Filter>
    </ClCompile>
    <ClCompile Include="..\ork.core\src\kernel\prop.cpp">
      <Filter>src\kernel</Filter>
    </ClCompile>
    <ClCompile Include="..\ork.core\src\kernel\svariant.cpp">
      <Filter>src\kernel</Filter>
    </ClCompile>
    <ClCompile Include="..\ork.core\src\kernel\timer.cpp">
      <Filter>src\kernel</Filter>
    </ClCompile>
    <ClCompile Include="..\ork.core\src\kernel\thread_pool.cpp">
      <Filter>src\kernel</Filter>
    </ClCompile>
    <ClCompile Include="..\ork.core\src\kernel\opq.cpp">
      <Filter>src\kernel</Filter>
    </ClCompile>
    <ClCompile Include="..\ork.core\src\kernel\kernel_win32.cpp">
      <Filter>src\kernel</Filter>
    </ClCompile>
    <ClCompile Include="..\ork.core\src\kernel\kernel.cpp">
      <Filter>src\kernel</Filter>
    </ClCompile>
    <ClCompile Include="..\ork.core\src\kernel\objc.cpp">
      <Filter>src\kernel</Filter>
    </ClCompile>
    <ClCompile Include="..\ork.core\src\kernel\future.cpp">
      <Filter>src\kernel</Filter>
    </ClCompile>
    <ClCompile Include="..\ork.core\src\kernel\debug.cpp">
      <Filter>src\kernel</Filter>
    </ClCompile>
    <ClCompile Include="..\ork.core\src\kernel\environment.cpp">
      <Filter>src\kernel</Filter>
    </ClCompile>
    <ClCompile Include="..\ork.core\src\kernel\error.cpp">
      <Filter>src\kernel</Filter>
    </ClCompile>
  </ItemGroup>
  <ItemGroup>
    <Filter Include="src">
      <UniqueIdentifier>{47b37ea2-d15b-4f9f-b380-ab99df1a106f}</UniqueIdentifier>
    </Filter>
    <Filter Include="inc">
      <UniqueIdentifier>{f5e55947-ab6f-4dc5-b76b-45b85bec4549}</UniqueIdentifier>
    </Filter>
    <Filter Include="inc\kernel">
      <UniqueIdentifier>{a92faf02-858e-4551-846c-246faae84ae4}</UniqueIdentifier>
    </Filter>
    <Filter Include="inc\kernel\core">
      <UniqueIdentifier>{3a8f5442-47f2-4251-ba85-049f580956f7}</UniqueIdentifier>
    </Filter>
    <Filter Include="src\kernel">
      <UniqueIdentifier>{65666e67-70bc-4da8-8e35-44fb4267bff3}</UniqueIdentifier>
    </Filter>
  </ItemGroup>
  <ItemGroup>
    <ClInclude Include="..\ork.core\inc\ork\kernel\any.h">
      <Filter>inc\kernel</Filter>
    </ClInclude>
    <ClInclude Include="..\ork.core\inc\ork\kernel\Array.h">
      <Filter>inc\kernel</Filter>
    </ClInclude>
    <ClInclude Include="..\ork.core\inc\ork\kernel\Array.hpp">
      <Filter>inc\kernel</Filter>
    </ClInclude>
    <ClInclude Include="..\ork.core\inc\ork\kernel\ArraySpecializations.hpp">
      <Filter>inc\kernel</Filter>
    </ClInclude>
    <ClInclude Include="..\ork.core\inc\ork\kernel\concurrent_queue.h">
      <Filter>inc\kernel</Filter>
    </ClInclude>
    <ClInclude Include="..\ork.core\inc\ork\kernel\core_interface.h">
      <Filter>inc\kernel</Filter>
    </ClInclude>
    <ClInclude Include="..\ork.core\inc\ork\kernel\csystem.h">
      <Filter>inc\kernel</Filter>
    </ClInclude>
    <ClInclude Include="..\ork.core\inc\ork\kernel\debug.h">
      <Filter>inc\kernel</Filter>
    </ClInclude>
    <ClInclude Include="..\ork.core\inc\ork\kernel\environment.h">
      <Filter>inc\kernel</Filter>
    </ClInclude>
    <ClInclude Include="..\ork.core\inc\ork\kernel\fixedlut.h">
      <Filter>inc\kernel</Filter>
    </ClInclude>
    <ClInclude Include="..\ork.core\inc\ork\kernel\fixedlut.hpp">
      <Filter>inc\kernel</Filter>
    </ClInclude>
    <ClInclude Include="..\ork.core\inc\ork\kernel\fixedstring.h">
      <Filter>inc\kernel</Filter>
    </ClInclude>
    <ClInclude Include="..\ork.core\inc\ork\kernel\fixedstring.hpp">
      <Filter>inc\kernel</Filter>
    </ClInclude>
    <ClInclude Include="..\ork.core\inc\ork\kernel\future.hpp">
      <Filter>inc\kernel</Filter>
    </ClInclude>
    <ClInclude Include="..\ork.core\inc\ork\kernel\gstack.h">
      <Filter>inc\kernel</Filter>
    </ClInclude>
    <ClInclude Include="..\ork.core\inc\ork\kernel\gstack.hpp">
      <Filter>inc\kernel</Filter>
    </ClInclude>
    <ClInclude Include="..\ork.core\inc\ork\kernel\kernel.h">
      <Filter>inc\kernel</Filter>
    </ClInclude>
    <ClInclude Include="..\ork.core\inc\ork\kernel\mutex.h">
      <Filter>inc\kernel</Filter>
    </ClInclude>
    <ClInclude Include="..\ork.core\inc\ork\kernel\objc.h">
      <Filter>inc\kernel</Filter>
    </ClInclude>
    <ClInclude Include="..\ork.core\inc\ork\kernel\opq.h">
      <Filter>inc\kernel</Filter>
    </ClInclude>
    <ClInclude Include="..\ork.core\inc\ork\kernel\orkalloc.h">
      <Filter>inc\kernel</Filter>
    </ClInclude>
    <ClInclude Include="..\ork.core\inc\ork\kernel\orklut.h">
      <Filter>inc\kernel</Filter>
    </ClInclude>
    <ClInclude Include="..\ork.core\inc\ork\kernel\orklut.hpp">
      <Filter>inc\kernel</Filter>
    </ClInclude>
    <ClInclude Include="..\ork.core\inc\ork\kernel\orkmem.h">
      <Filter>inc\kernel</Filter>
    </ClInclude>
    <ClInclude Include="..\ork.core\inc\ork\kernel\orkmem.hpp">
      <Filter>inc\kernel</Filter>
    </ClInclude>
    <ClInclude Include="..\ork.core\inc\ork\kernel\orkpool.h">
      <Filter>inc\kernel</Filter>
    </ClInclude>
    <ClInclude Include="..\ork.core\inc\ork\kernel\orkvector.h">
      <Filter>inc\kernel</Filter>
    </ClInclude>
    <ClInclude Include="..\ork.core\inc\ork\kernel\prop.h">
      <Filter>inc\kernel</Filter>
    </ClInclude>
    <ClInclude Include="..\ork.core\inc\ork\kernel\prop.hpp">
      <Filter>inc\kernel</Filter>
    </ClInclude>
    <ClInclude Include="..\ork.core\inc\ork\kernel\ringbuffer.hpp">
      <Filter>inc\kernel</Filter>
    </ClInclude>
    <ClInclude Include="..\ork.core\inc\ork\kernel\slashnode.h">
      <Filter>inc\kernel</Filter>
    </ClInclude>
    <ClInclude Include="..\ork.core\inc\ork\kernel\svariant.h">
      <Filter>inc\kernel</Filter>
    </ClInclude>
    <ClInclude Include="..\ork.core\inc\ork\kernel\tempstring.h">
      <Filter>inc\kernel</Filter>
    </ClInclude>
    <ClInclude Include="..\ork.core\inc\ork\kernel\tempstring.hpp">
      <Filter>inc\kernel</Filter>
    </ClInclude>
    <ClInclude Include="..\ork.core\inc\ork\kernel\thread.h">
      <Filter>inc\kernel</Filter>
    </ClInclude>
    <ClInclude Include="..\ork.core\inc\ork\kernel\thread_pool.h">
      <Filter>inc\kernel</Filter>
    </ClInclude>
    <ClInclude Include="..\ork.core\inc\ork\kernel\timer.h">
      <Filter>inc\kernel</Filter>
    </ClInclude>
    <ClInclude Include="..\ork.core\inc\ork\kernel\core\interface.h">
      <Filter>inc\kernel\core</Filter>
    </ClInclude>
    <ClInclude Include="..\ork.core\inc\ork\kernel\core\kerneltypes.h">
      <Filter>inc\kernel\core</Filter>
    </ClInclude>
    <ClInclude Include="..\ork.core\inc\ork\kernel\core\singleton.h">
      <Filter>inc\kernel\core</Filter>
    </ClInclude>
    <ClInclude Include="..\ork.core\inc\ork\kernel\semaphore.h">
      <Filter>inc\kernel</Filter>
    </ClInclude>
  </ItemGroup>
</Project>