<?xml version="1.0" encoding="utf-8"?>
<Project ToolsVersion="4.0" xmlns="http://schemas.microsoft.com/developer/msbuild/2003">
  <ItemGroup>
    <ClCompile Include="..\ork.core\src\kernel\debug.cpp">
      <Filter>kernel</Filter>
    </ClCompile>
    <ClCompile Include="..\ork.core\src\kernel\environment.cpp">
      <Filter>kernel</Filter>
    </ClCompile>
    <ClCompile Include="..\ork.core\src\kernel\error.cpp">
      <Filter>kernel</Filter>
    </ClCompile>
    <ClCompile Include="..\ork.core\src\kernel\future.cpp">
      <Filter>kernel</Filter>
    </ClCompile>
    <ClCompile Include="..\ork.core\src\kernel\kernel.cpp">
      <Filter>kernel</Filter>
    </ClCompile>
    <ClCompile Include="..\ork.core\src\kernel\kernel_win32.cpp">
      <Filter>kernel</Filter>
    </ClCompile>
    <ClCompile Include="..\ork.core\src\kernel\objc.cpp">
      <Filter>kernel</Filter>
    </ClCompile>
    <ClCompile Include="..\ork.core\src\kernel\opq.cpp">
      <Filter>kernel</Filter>
    </ClCompile>
    <ClCompile Include="..\ork.core\src\kernel\prop.cpp">
      <Filter>kernel</Filter>
    </ClCompile>
    <ClCompile Include="..\ork.core\src\kernel\proptype.cpp">
      <Filter>kernel</Filter>
    </ClCompile>
    <ClCompile Include="..\ork.core\src\kernel\slashnode.cpp">
      <Filter>kernel</Filter>
    </ClCompile>
    <ClCompile Include="..\ork.core\src\kernel\svariant.cpp">
      <Filter>kernel</Filter>
    </ClCompile>
    <ClCompile Include="..\ork.core\src\kernel\tempstring.cpp">
      <Filter>kernel</Filter>
    </ClCompile>
    <ClCompile Include="..\ork.core\src\kernel\thread_pool.cpp">
      <Filter>kernel</Filter>
    </ClCompile>
    <ClCompile Include="..\ork.core\src\kernel\timer.cpp">
      <Filter>kernel</Filter>
    </ClCompile>
  </ItemGroup>
  <ItemGroup>
    <Filter Include="kernel">
      <UniqueIdentifier>{a92faf02-858e-4551-846c-246faae84ae4}</UniqueIdentifier>
    </Filter>
  </ItemGroup>
</Project>